
Microsoft Visual Studio Solution File, Format Version 12.00
# Visual Studio Version 16
VisualStudioVersion = 16.0.34114.132
MinimumVisualStudioVersion = 10.0.40219.1
Project("{FAE04EC0-301F-11D3-BF4B-00C04F79EFBC}") = "WindowsFormsApp1", "WindowsFormsApp1\WindowsFormsApp1.csproj", "{79CD169F-34F5-4B27-A76F-59CB784D5F8F}"
EndProject
Project("{FAE04EC0-301F-11D3-BF4B-00C04F79EFBC}") = "DTO", "DTO\DTO.csproj", "{D8B68330-1158-4C69-ADC0-0A113277E62A}"
EndProject
Project("{FAE04EC0-301F-11D3-BF4B-00C04F79EFBC}") = "DAL", "DAL\DAL.csproj", "{33E61B96-09DA-4174-AB8F-6C2AB2C5715C}"
EndProject
Global
	GlobalSection(SolutionConfigurationPlatforms) = preSolution
		Debug|Any CPU = Debug|Any CPU
		Release|Any CPU = Release|Any CPU
	EndGlobalSection
	GlobalSection(ProjectConfigurationPlatforms) = postSolution
		{79CD169F-34F5-4B27-A76F-59CB784D5F8F}.Debug|Any CPU.ActiveCfg = Debug|Any CPU
		{79CD169F-34F5-4B27-A76F-59CB784D5F8F}.Debug|Any CPU.Build.0 = Debug|Any CPU
		{79CD169F-34F5-4B27-A76F-59CB784D5F8F}.Release|Any CPU.ActiveCfg = Release|Any CPU
		{79CD169F-34F5-4B27-A76F-59CB784D5F8F}.Release|Any CPU.Build.0 = Release|Any CPU
		{D8B68330-1158-4C69-ADC0-0A113277E62A}.Debug|Any CPU.ActiveCfg = Debug|Any CPU
		{D8B68330-1158-4C69-ADC0-0A113277E62A}.Debug|Any CPU.Build.0 = Debug|Any CPU
		{D8B68330-1158-4C69-ADC0-0A113277E62A}.Release|Any CPU.ActiveCfg = Release|Any CPU
		{D8B68330-1158-4C69-ADC0-0A113277E62A}.Release|Any CPU.Build.0 = Release|Any CPU
		{33E61B96-09DA-4174-AB8F-6C2AB2C5715C}.Debug|Any CPU.ActiveCfg = Debug|Any CPU
		{33E61B96-09DA-4174-AB8F-6C2AB2C5715C}.Debug|Any CPU.Build.0 = Debug|Any CPU
		{33E61B96-09DA-4174-AB8F-6C2AB2C5715C}.Release|Any CPU.ActiveCfg = Release|Any CPU
		{33E61B96-09DA-4174-AB8F-6C2AB2C5715C}.Release|Any CPU.Build.0 = Release|Any CPU
	EndGlobalSection
	GlobalSection(SolutionProperties) = preSolution
		HideSolutionNode = FALSE
	EndGlobalSection
	GlobalSection(ExtensibilityGlobals) = postSolution
		SolutionGuid = {D499438E-C802-4C31-899B-24DFD36D8608}
	EndGlobalSection
EndGlobal
